{
  "requires": true,
  "lockfileVersion": 1,
  "dependencies": {
    "ng-multiselect-dropdown": {
      "version": "0.2.3",
      "resolved": "https://registry.npmjs.org/ng-multiselect-dropdown/-/ng-multiselect-dropdown-0.2.3.tgz",
      "integrity": "sha512-xY//BPXxiApzhGxVTDaSKiiW245GKBuZFCka7W9mG/2sWWIi3Geie7k0XtZv+1ItclFL+OxFZATHBYW5QULgvg==",
      "requires": {
        "tslib": "1.9.3"
      }
    },
    "tslib": {
      "version": "1.9.3",
      "resolved": "https://registry.npmjs.org/tslib/-/tslib-1.9.3.tgz",
      "integrity": "sha512-4krF8scpejhaOgqzBEcGM7yDIEfi0/8+8zDRZhNZZ2kjmHJ4hv3zCbQWxoJGz1iw5U0Jl0nma13xzHXcncMavQ=="
    }
  }
}
